{
  "name": "get-index",
  "version": "1.0.0",
  "lockfileVersion": 1,
  "requires": true,
  "dependencies": {
    "@architect/parser": {
      "version": "1.1.7",
      "resolved": "https://registry.npmjs.org/@architect/parser/-/parser-1.1.7.tgz",
      "integrity": "sha512-fKyd7apWktnS580bOa75bWtx+RVxuhLNYjcaDrRRpuASTT4F+Gg4dZly8eGGehPHAQ3j3/0pLwnChiC2+fHozg=="
    },
    "@architect/proxy-plugin-html-urls": {
      "version": "1.0.3",
      "resolved": "https://registry.npmjs.org/@architect/proxy-plugin-html-urls/-/proxy-plugin-html-urls-1.0.3.tgz",
      "integrity": "sha512-GqSJ+akFo7sK6sKz3wCpuHvj8o5hFarX5Xoj5JTmx3upsIgi/m2Y1B8+P6hI/n82DBzMyO7SeuNDwCwpp5AdzA=="
    },
    "@architect/proxy-plugin-md": {
      "version": "1.0.0",
      "resolved": "https://registry.npmjs.org/@architect/proxy-plugin-md/-/proxy-plugin-md-1.0.0.tgz",
      "integrity": "sha512-372GHYHf8ZgyZxwuG0xtPTDeZTIuVARA5nVUC6L6w/hn2I3wiYavm/bGeGpqxPpw2I5zQKrfl/TnSS1WIZtbSQ=="
    },
    "cookie": {
      "version": "0.3.1",
      "resolved": "https://registry.npmjs.org/cookie/-/cookie-0.3.1.tgz",
      "integrity": "sha1-5+Ch+e9DtMi6klxcWpboBtFoc7s="
    },
    "cookie-signature": {
      "version": "1.1.0",
      "resolved": "https://registry.npmjs.org/cookie-signature/-/cookie-signature-1.1.0.tgz",
      "integrity": "sha512-Alvs19Vgq07eunykd3Xy2jF0/qSNv2u7KDbAek9H5liV1UMijbqFs5cycZvv5dVsvseT/U4H8/7/w8Koh35C4A=="
    },
    "csrf": {
      "version": "3.1.0",
      "resolved": "https://registry.npmjs.org/csrf/-/csrf-3.1.0.tgz",
      "integrity": "sha512-uTqEnCvWRk042asU6JtapDTcJeeailFy4ydOQS28bj1hcLnYRiqi8SsD2jS412AY1I/4qdOwWZun774iqywf9w==",
      "requires": {
        "rndm": "1.2.0",
        "tsscmp": "1.0.6",
        "uid-safe": "2.1.5"
      }
    },
    "marked": {
      "version": "0.6.2",
      "resolved": "https://registry.npmjs.org/marked/-/marked-0.6.2.tgz",
      "integrity": "sha512-LqxwVH3P/rqKX4EKGz7+c2G9r98WeM/SW34ybhgNGhUQNKtf1GmmSkJ6cDGJ/t6tiyae49qRkpyTw2B9HOrgUA=="
    },
    "mime-db": {
      "version": "1.40.0",
      "resolved": "https://registry.npmjs.org/mime-db/-/mime-db-1.40.0.tgz",
      "integrity": "sha512-jYdeOMPy9vnxEqFRRo6ZvTZ8d9oPb+k18PKoYNYUe2stVEBPPwsln/qWzdbmaIvnhZ9v2P+CuecK+fpUfsV2mA=="
    },
    "mime-types": {
      "version": "2.1.24",
      "resolved": "https://registry.npmjs.org/mime-types/-/mime-types-2.1.24.tgz",
      "integrity": "sha512-WaFHS3MCl5fapm3oLxU4eYDw77IQM2ACcxQ9RIxfaC3ooc6PFuBMGZZsYpvoXS5D5QTWPieo1jjLdAm3TBP3cQ==",
      "requires": {
        "mime-db": "1.40.0"
      }
    },
    "node-webtokens": {
      "version": "1.0.0",
      "resolved": "https://registry.npmjs.org/node-webtokens/-/node-webtokens-1.0.0.tgz",
      "integrity": "sha512-gxnupMQ4UKs2mU5FYg95XAiKxtAwDWDDJAF6BkyvvpHfb1E8MLIfqyGhEWs2ytzH4vogoou7LZ2hd0d+NWk88A=="
    },
    "random-bytes": {
      "version": "1.0.0",
      "resolved": "https://registry.npmjs.org/random-bytes/-/random-bytes-1.0.0.tgz",
      "integrity": "sha1-T2ih3Arli9P7lYSMMDJNt11kNgs="
    },
    "rndm": {
      "version": "1.2.0",
      "resolved": "https://registry.npmjs.org/rndm/-/rndm-1.2.0.tgz",
      "integrity": "sha1-8z/pz7Urv9UgqhgyO8ZdsRCht2w="
    },
    "run-parallel": {
      "version": "1.1.9",
      "resolved": "https://registry.npmjs.org/run-parallel/-/run-parallel-1.1.9.tgz",
      "integrity": "sha512-DEqnSRTDw/Tc3FXf49zedI638Z9onwUotBMiUFKmrO2sdFKIbXamXGQ3Axd4qgphxKB4kw/qP1w5kTxnfU1B9Q=="
    },
    "run-waterfall": {
      "version": "1.1.6",
      "resolved": "https://registry.npmjs.org/run-waterfall/-/run-waterfall-1.1.6.tgz",
      "integrity": "sha512-dApPbpIK0hbFi2zqfJxrsnfmJW2HCQHFrSsmqF3Fp9TKm5WVf++zE6BSw0hPcA7rPapO37h12Swk2E6Va3tF7Q=="
    },
    "tsscmp": {
      "version": "1.0.6",
      "resolved": "https://registry.npmjs.org/tsscmp/-/tsscmp-1.0.6.tgz",
      "integrity": "sha512-LxhtAkPDTkVCMQjt2h6eBVY28KCjikZqZfMcC15YBeNjkgUpdCfBu5HoiOTDu86v6smE8yOjyEktJ8hlbANHQA=="
    },
    "uid-safe": {
      "version": "2.1.5",
      "resolved": "https://registry.npmjs.org/uid-safe/-/uid-safe-2.1.5.tgz",
      "integrity": "sha512-KPHm4VL5dDXKz01UuEd88Df+KzynaohSL9fBh096KWAxSKZQDI2uBrVqtvRM4rwrIrRRKsdLNML/lnaaVSRioA==",
      "requires": {
        "random-bytes": "~1.0.0"
      }
    }
  }
}
