{
  "name": "get-docs-000lang-catchall",
  "version": "1.0.0",
  "lockfileVersion": 1,
  "requires": true,
  "dependencies": {
    "@toycode/markdown-it-class": {
      "version": "1.2.4",
      "resolved": "https://registry.npmjs.org/@toycode/markdown-it-class/-/markdown-it-class-1.2.4.tgz",
      "integrity": "sha512-hA4gHBK8moObkOYdWTjhy1wYcYy0MJeM3JjSKbsXHRpRMvIKhk6Jm+t3bXsSScTdz/byWqQbs8YIwVYjHp+SlQ=="
    },
    "argparse": {
      "version": "2.0.1",
      "resolved": "https://registry.npmjs.org/argparse/-/argparse-2.0.1.tgz",
      "integrity": "sha512-8+9WqebbFzpX9OR+Wa6O29asIogeRMzcGtAINdpMHHyAg10f05aSFVBbcEqGf/PXw1EjAZ+q2/bEBg3DvurK3Q=="
    },
    "entities": {
      "version": "2.0.3",
      "resolved": "https://registry.npmjs.org/entities/-/entities-2.0.3.tgz",
      "integrity": "sha512-MyoZ0jgnLvB2X3Lg5HqpFmn1kybDiIfEQmKzTb5apr51Rb+T3KdmMiqa70T+bhGnyv7bQ6WMj2QMHpGMmlrUYQ=="
    },
    "esm": {
      "version": "3.2.25",
      "resolved": "https://registry.npmjs.org/esm/-/esm-3.2.25.tgz",
      "integrity": "sha512-U1suiZ2oDVWv4zPO56S0NcR5QriEahGtdN2OR6FiOG4WJvcjBVFB0qI4+eKoWFH483PKGuLuu6V8Z4T5g63UVA=="
    },
    "highlight.js": {
      "version": "10.4.0",
      "resolved": "https://registry.npmjs.org/highlight.js/-/highlight.js-10.4.0.tgz",
      "integrity": "sha512-EfrUGcQ63oLJbj0J0RI9ebX6TAITbsDBLbsjr881L/X5fMO9+oadKzEF21C7R3ULKG6Gv3uoab2HiqVJa/4+oA=="
    },
    "linkify-it": {
      "version": "3.0.2",
      "resolved": "https://registry.npmjs.org/linkify-it/-/linkify-it-3.0.2.tgz",
      "integrity": "sha512-gDBO4aHNZS6coiZCKVhSNh43F9ioIL4JwRjLZPkoLIY4yZFwg264Y5lu2x6rb1Js42Gh6Yqm2f6L2AJcnkzinQ==",
      "requires": {
        "uc.micro": "^1.0.1"
      }
    },
    "markdown-it": {
      "version": "12.0.2",
      "resolved": "https://registry.npmjs.org/markdown-it/-/markdown-it-12.0.2.tgz",
      "integrity": "sha512-4Lkvjbv2kK+moL9TbeV+6/NHx+1Q+R/NIdUlFlkqkkzUcTod4uiyTJRiBidKR9qXSdkNFkgv+AELY8KN9vSgVA==",
      "requires": {
        "argparse": "^2.0.1",
        "entities": "~2.0.0",
        "linkify-it": "^3.0.1",
        "mdurl": "^1.0.1",
        "uc.micro": "^1.0.5"
      }
    },
    "mdurl": {
      "version": "1.0.1",
      "resolved": "https://registry.npmjs.org/mdurl/-/mdurl-1.0.1.tgz",
      "integrity": "sha1-/oWy7HWlkDfyrf7BAP1sYBdhFS4="
    },
    "uc.micro": {
      "version": "1.0.6",
      "resolved": "https://registry.npmjs.org/uc.micro/-/uc.micro-1.0.6.tgz",
      "integrity": "sha512-8Y75pvTYkLJW2hWQHXxoqRgV7qb9B+9vFEtidML+7koHUFapnVJAZ6cKs+Qjz5Aw3aZWHMC6u0wJE3At+nSGwA=="
    }
  }
}
