{
  "name": "get-docs-000lang-catchall",
  "version": "1.0.0",
  "lockfileVersion": 2,
  "requires": true,
  "packages": {
    "": {
      "version": "1.0.0",
      "license": "Apache-2.0",
      "dependencies": {
        "@architect/functions": "^3.13.8",
        "@toycode/markdown-it-class": "^1.2.4",
        "esm": "^3.2.25",
        "highlight.js": "^10.4.0",
        "js-yaml": "^3.14.0",
        "markdown-it": "^12.0.2",
        "markdown-it-anchor": "^6.0.1",
        "markdown-it-front-matter": "^0.2.3",
        "slugify": "^1.4.6"
      }
    },
    "node_modules/@architect/functions": {
      "version": "3.13.8",
      "license": "Apache-2.0",
      "dependencies": {
        "aws-serverless-express": "^3.3.8",
        "cookie": "^0.4.1",
        "cookie-signature": "^1.1.0",
        "csrf": "^3.1.0",
        "mime-types": "^2.1.27",
        "node-webtokens": "^1.0.4",
        "run-parallel": "^1.1.10",
        "run-waterfall": "^1.1.7",
        "uid-safe": "^2.1.5"
      },
      "engines": {
        "node": ">=10"
      }
    },
    "node_modules/@toycode/markdown-it-class": {
      "version": "1.2.4",
      "resolved": "https://registry.npmjs.org/@toycode/markdown-it-class/-/markdown-it-class-1.2.4.tgz",
      "integrity": "sha512-hA4gHBK8moObkOYdWTjhy1wYcYy0MJeM3JjSKbsXHRpRMvIKhk6Jm+t3bXsSScTdz/byWqQbs8YIwVYjHp+SlQ==",
      "license": "MIT"
    },
    "node_modules/@vendia/serverless-express": {
      "version": "3.4.0",
      "license": "Apache-2.0",
      "dependencies": {
        "binary-case": "^1.0.0",
        "type-is": "^1.6.16"
      },
      "engines": {
        "node": ">=6"
      }
    },
    "node_modules/argparse": {
      "version": "2.0.1",
      "resolved": "https://registry.npmjs.org/argparse/-/argparse-2.0.1.tgz",
      "integrity": "sha512-8+9WqebbFzpX9OR+Wa6O29asIogeRMzcGtAINdpMHHyAg10f05aSFVBbcEqGf/PXw1EjAZ+q2/bEBg3DvurK3Q==",
      "license": "Python-2.0"
    },
    "node_modules/aws-serverless-express": {
      "version": "3.3.9",
      "license": "Apache-2.0",
      "dependencies": {
        "@vendia/serverless-express": "^3.4.0-rc1",
        "binary-case": "^1.0.0",
        "type-is": "^1.6.16"
      },
      "engines": {
        "node": ">=6"
      }
    },
    "node_modules/binary-case": {
      "version": "1.1.4",
      "license": "Apache-2.0"
    },
    "node_modules/cookie": {
      "version": "0.4.1",
      "license": "MIT",
      "engines": {
        "node": ">= 0.6"
      }
    },
    "node_modules/cookie-signature": {
      "version": "1.1.0",
      "license": "MIT",
      "engines": {
        "node": ">=6.6.0"
      }
    },
    "node_modules/csrf": {
      "version": "3.1.0",
      "license": "MIT",
      "dependencies": {
        "rndm": "1.2.0",
        "tsscmp": "1.0.6",
        "uid-safe": "2.1.5"
      },
      "engines": {
        "node": ">= 0.8"
      }
    },
    "node_modules/entities": {
      "version": "2.0.3",
      "resolved": "https://registry.npmjs.org/entities/-/entities-2.0.3.tgz",
      "integrity": "sha512-MyoZ0jgnLvB2X3Lg5HqpFmn1kybDiIfEQmKzTb5apr51Rb+T3KdmMiqa70T+bhGnyv7bQ6WMj2QMHpGMmlrUYQ==",
      "license": "BSD-2-Clause"
    },
    "node_modules/esm": {
      "version": "3.2.25",
      "resolved": "https://registry.npmjs.org/esm/-/esm-3.2.25.tgz",
      "integrity": "sha512-U1suiZ2oDVWv4zPO56S0NcR5QriEahGtdN2OR6FiOG4WJvcjBVFB0qI4+eKoWFH483PKGuLuu6V8Z4T5g63UVA==",
      "license": "MIT",
      "engines": {
        "node": ">=6"
      }
    },
    "node_modules/esprima": {
      "version": "4.0.1",
      "resolved": "https://registry.npmjs.org/esprima/-/esprima-4.0.1.tgz",
      "integrity": "sha512-eGuFFw7Upda+g4p+QHvnW0RyTX/SVeJBDM/gCtMARO0cLuT2HcEKnTPvhjV6aGeqrCB/sbNop0Kszm0jsaWU4A==",
      "license": "BSD-2-Clause",
      "bin": {
        "esparse": "bin/esparse.js",
        "esvalidate": "bin/esvalidate.js"
      },
      "engines": {
        "node": ">=4"
      }
    },
    "node_modules/highlight.js": {
      "version": "10.4.0",
      "resolved": "https://registry.npmjs.org/highlight.js/-/highlight.js-10.4.0.tgz",
      "integrity": "sha512-EfrUGcQ63oLJbj0J0RI9ebX6TAITbsDBLbsjr881L/X5fMO9+oadKzEF21C7R3ULKG6Gv3uoab2HiqVJa/4+oA==",
      "license": "BSD-3-Clause",
      "engines": {
        "node": "*"
      }
    },
    "node_modules/js-yaml": {
      "version": "3.14.0",
      "resolved": "https://registry.npmjs.org/js-yaml/-/js-yaml-3.14.0.tgz",
      "integrity": "sha512-/4IbIeHcD9VMHFqDR/gQ7EdZdLimOvW2DdcxFjdyyZ9NsbS+ccrXqVWDtab/lRl5AlUqmpBx8EhPaWR+OtY17A==",
      "license": "MIT",
      "dependencies": {
        "argparse": "^1.0.7",
        "esprima": "^4.0.0"
      },
      "bin": {
        "js-yaml": "bin/js-yaml.js"
      }
    },
    "node_modules/js-yaml/node_modules/argparse": {
      "version": "1.0.10",
      "resolved": "https://registry.npmjs.org/argparse/-/argparse-1.0.10.tgz",
      "integrity": "sha512-o5Roy6tNG4SL/FOkCAN6RzjiakZS25RLYFrcMttJqbdd8BWrnA+fGz57iN5Pb06pvBGvl5gQ0B48dJlslXvoTg==",
      "license": "MIT",
      "dependencies": {
        "sprintf-js": "~1.0.2"
      }
    },
    "node_modules/linkify-it": {
      "version": "3.0.2",
      "resolved": "https://registry.npmjs.org/linkify-it/-/linkify-it-3.0.2.tgz",
      "integrity": "sha512-gDBO4aHNZS6coiZCKVhSNh43F9ioIL4JwRjLZPkoLIY4yZFwg264Y5lu2x6rb1Js42Gh6Yqm2f6L2AJcnkzinQ==",
      "license": "MIT",
      "dependencies": {
        "uc.micro": "^1.0.1"
      }
    },
    "node_modules/markdown-it": {
      "version": "12.0.2",
      "resolved": "https://registry.npmjs.org/markdown-it/-/markdown-it-12.0.2.tgz",
      "integrity": "sha512-4Lkvjbv2kK+moL9TbeV+6/NHx+1Q+R/NIdUlFlkqkkzUcTod4uiyTJRiBidKR9qXSdkNFkgv+AELY8KN9vSgVA==",
      "license": "MIT",
      "dependencies": {
        "argparse": "^2.0.1",
        "entities": "~2.0.0",
        "linkify-it": "^3.0.1",
        "mdurl": "^1.0.1",
        "uc.micro": "^1.0.5"
      },
      "bin": {
        "markdown-it": "bin/markdown-it.js"
      }
    },
    "node_modules/markdown-it-anchor": {
      "version": "6.0.1",
      "resolved": "https://registry.npmjs.org/markdown-it-anchor/-/markdown-it-anchor-6.0.1.tgz",
      "integrity": "sha512-8qX4r5R6AtXla9HKCouEQ40inw69O5jR4VUXlZySsBLxIXlsJ3Yi9JV6JWPU4ZdA8jWTGDDJjJYNLwQ0W4jCag==",
      "license": "Unlicense",
      "peerDependencies": {
        "markdown-it": "*"
      }
    },
    "node_modules/markdown-it-front-matter": {
      "version": "0.2.3",
      "resolved": "https://registry.npmjs.org/markdown-it-front-matter/-/markdown-it-front-matter-0.2.3.tgz",
      "integrity": "sha512-s9+rcClLmZsZc3YL8Awjg/YO/VdphlE20LJ9Bx5a8RAFLI5a1vq6Mll8kOzG6w/wy8yhFLBupaa6Mfd60GATkA==",
      "license": "MIT"
    },
    "node_modules/mdurl": {
      "version": "1.0.1",
      "resolved": "https://registry.npmjs.org/mdurl/-/mdurl-1.0.1.tgz",
      "integrity": "sha1-/oWy7HWlkDfyrf7BAP1sYBdhFS4=",
      "license": "MIT"
    },
    "node_modules/media-typer": {
      "version": "0.3.0",
      "license": "MIT",
      "engines": {
        "node": ">= 0.6"
      }
    },
    "node_modules/mime-db": {
      "version": "1.44.0",
      "license": "MIT",
      "engines": {
        "node": ">= 0.6"
      }
    },
    "node_modules/mime-types": {
      "version": "2.1.27",
      "license": "MIT",
      "dependencies": {
        "mime-db": "1.44.0"
      },
      "engines": {
        "node": ">= 0.6"
      }
    },
    "node_modules/node-webtokens": {
      "version": "1.0.4",
      "license": "MIT",
      "engines": {
        "node": ">=6.6.0"
      }
    },
    "node_modules/random-bytes": {
      "version": "1.0.0",
      "license": "MIT",
      "engines": {
        "node": ">= 0.8"
      }
    },
    "node_modules/rndm": {
      "version": "1.2.0",
      "license": "MIT"
    },
    "node_modules/run-parallel": {
      "version": "1.1.10",
      "funding": [
        {
          "type": "github",
          "url": "https://github.com/sponsors/feross"
        },
        {
          "type": "patreon",
          "url": "https://www.patreon.com/feross"
        },
        {
          "type": "consulting",
          "url": "https://feross.org/support"
        }
      ],
      "license": "MIT"
    },
    "node_modules/run-waterfall": {
      "version": "1.1.7",
      "funding": [
        {
          "type": "github",
          "url": "https://github.com/sponsors/feross"
        },
        {
          "type": "patreon",
          "url": "https://www.patreon.com/feross"
        },
        {
          "type": "consulting",
          "url": "https://feross.org/support"
        }
      ],
      "license": "MIT"
    },
    "node_modules/slugify": {
      "version": "1.4.6",
      "resolved": "https://registry.npmjs.org/slugify/-/slugify-1.4.6.tgz",
      "integrity": "sha512-ZdJIgv9gdrYwhXqxsH9pv7nXxjUEyQ6nqhngRxoAAOlmMGA28FDq5O4/5US4G2/Nod7d1ovNcgURQJ7kHq50KQ==",
      "engines": {
        "node": ">=8.0.0"
      }
    },
    "node_modules/sprintf-js": {
      "version": "1.0.3",
      "resolved": "https://registry.npmjs.org/sprintf-js/-/sprintf-js-1.0.3.tgz",
      "integrity": "sha1-BOaSb2YolTVPPdAVIDYzuFcpfiw=",
      "license": "BSD-3-Clause"
    },
    "node_modules/tsscmp": {
      "version": "1.0.6",
      "license": "MIT",
      "engines": {
        "node": ">=0.6.x"
      }
    },
    "node_modules/type-is": {
      "version": "1.6.18",
      "license": "MIT",
      "dependencies": {
        "media-typer": "0.3.0",
        "mime-types": "~2.1.24"
      },
      "engines": {
        "node": ">= 0.6"
      }
    },
    "node_modules/uc.micro": {
      "version": "1.0.6",
      "resolved": "https://registry.npmjs.org/uc.micro/-/uc.micro-1.0.6.tgz",
      "integrity": "sha512-8Y75pvTYkLJW2hWQHXxoqRgV7qb9B+9vFEtidML+7koHUFapnVJAZ6cKs+Qjz5Aw3aZWHMC6u0wJE3At+nSGwA==",
      "license": "MIT"
    },
    "node_modules/uid-safe": {
      "version": "2.1.5",
      "license": "MIT",
      "dependencies": {
        "random-bytes": "~1.0.0"
      },
      "engines": {
        "node": ">= 0.8"
      }
    }
  },
  "dependencies": {
    "@architect/functions": {
      "version": "3.13.8",
      "requires": {
        "aws-serverless-express": "^3.3.8",
        "cookie": "^0.4.1",
        "cookie-signature": "^1.1.0",
        "csrf": "^3.1.0",
        "mime-types": "^2.1.27",
        "node-webtokens": "^1.0.4",
        "run-parallel": "^1.1.10",
        "run-waterfall": "^1.1.7",
        "uid-safe": "^2.1.5"
      }
    },
    "@toycode/markdown-it-class": {
      "version": "1.2.4",
      "resolved": "https://registry.npmjs.org/@toycode/markdown-it-class/-/markdown-it-class-1.2.4.tgz",
      "integrity": "sha512-hA4gHBK8moObkOYdWTjhy1wYcYy0MJeM3JjSKbsXHRpRMvIKhk6Jm+t3bXsSScTdz/byWqQbs8YIwVYjHp+SlQ=="
    },
    "@vendia/serverless-express": {
      "version": "3.4.0",
      "requires": {
        "binary-case": "^1.0.0",
        "type-is": "^1.6.16"
      }
    },
    "argparse": {
      "version": "2.0.1",
      "resolved": "https://registry.npmjs.org/argparse/-/argparse-2.0.1.tgz",
      "integrity": "sha512-8+9WqebbFzpX9OR+Wa6O29asIogeRMzcGtAINdpMHHyAg10f05aSFVBbcEqGf/PXw1EjAZ+q2/bEBg3DvurK3Q=="
    },
    "aws-serverless-express": {
      "version": "3.3.9",
      "requires": {
        "@vendia/serverless-express": "^3.4.0-rc1",
        "binary-case": "^1.0.0",
        "type-is": "^1.6.16"
      }
    },
    "binary-case": {
      "version": "1.1.4"
    },
    "cookie": {
      "version": "0.4.1"
    },
    "cookie-signature": {
      "version": "1.1.0"
    },
    "csrf": {
      "version": "3.1.0",
      "requires": {
        "rndm": "1.2.0",
        "tsscmp": "1.0.6",
        "uid-safe": "2.1.5"
      }
    },
    "entities": {
      "version": "2.0.3",
      "resolved": "https://registry.npmjs.org/entities/-/entities-2.0.3.tgz",
      "integrity": "sha512-MyoZ0jgnLvB2X3Lg5HqpFmn1kybDiIfEQmKzTb5apr51Rb+T3KdmMiqa70T+bhGnyv7bQ6WMj2QMHpGMmlrUYQ=="
    },
    "esm": {
      "version": "3.2.25",
      "resolved": "https://registry.npmjs.org/esm/-/esm-3.2.25.tgz",
      "integrity": "sha512-U1suiZ2oDVWv4zPO56S0NcR5QriEahGtdN2OR6FiOG4WJvcjBVFB0qI4+eKoWFH483PKGuLuu6V8Z4T5g63UVA=="
    },
    "esprima": {
      "version": "4.0.1",
      "resolved": "https://registry.npmjs.org/esprima/-/esprima-4.0.1.tgz",
      "integrity": "sha512-eGuFFw7Upda+g4p+QHvnW0RyTX/SVeJBDM/gCtMARO0cLuT2HcEKnTPvhjV6aGeqrCB/sbNop0Kszm0jsaWU4A=="
    },
    "highlight.js": {
      "version": "10.4.0",
      "resolved": "https://registry.npmjs.org/highlight.js/-/highlight.js-10.4.0.tgz",
      "integrity": "sha512-EfrUGcQ63oLJbj0J0RI9ebX6TAITbsDBLbsjr881L/X5fMO9+oadKzEF21C7R3ULKG6Gv3uoab2HiqVJa/4+oA=="
    },
    "js-yaml": {
      "version": "3.14.0",
      "resolved": "https://registry.npmjs.org/js-yaml/-/js-yaml-3.14.0.tgz",
      "integrity": "sha512-/4IbIeHcD9VMHFqDR/gQ7EdZdLimOvW2DdcxFjdyyZ9NsbS+ccrXqVWDtab/lRl5AlUqmpBx8EhPaWR+OtY17A==",
      "requires": {
        "argparse": "^1.0.7",
        "esprima": "^4.0.0"
      },
      "dependencies": {
        "argparse": {
          "version": "1.0.10",
          "resolved": "https://registry.npmjs.org/argparse/-/argparse-1.0.10.tgz",
          "integrity": "sha512-o5Roy6tNG4SL/FOkCAN6RzjiakZS25RLYFrcMttJqbdd8BWrnA+fGz57iN5Pb06pvBGvl5gQ0B48dJlslXvoTg==",
          "requires": {
            "sprintf-js": "~1.0.2"
          }
        }
      }
    },
    "linkify-it": {
      "version": "3.0.2",
      "resolved": "https://registry.npmjs.org/linkify-it/-/linkify-it-3.0.2.tgz",
      "integrity": "sha512-gDBO4aHNZS6coiZCKVhSNh43F9ioIL4JwRjLZPkoLIY4yZFwg264Y5lu2x6rb1Js42Gh6Yqm2f6L2AJcnkzinQ==",
      "requires": {
        "uc.micro": "^1.0.1"
      }
    },
    "markdown-it": {
      "version": "12.0.2",
      "resolved": "https://registry.npmjs.org/markdown-it/-/markdown-it-12.0.2.tgz",
      "integrity": "sha512-4Lkvjbv2kK+moL9TbeV+6/NHx+1Q+R/NIdUlFlkqkkzUcTod4uiyTJRiBidKR9qXSdkNFkgv+AELY8KN9vSgVA==",
      "requires": {
        "argparse": "^2.0.1",
        "entities": "~2.0.0",
        "linkify-it": "^3.0.1",
        "mdurl": "^1.0.1",
        "uc.micro": "^1.0.5"
      }
    },
    "markdown-it-anchor": {
      "version": "6.0.1",
      "resolved": "https://registry.npmjs.org/markdown-it-anchor/-/markdown-it-anchor-6.0.1.tgz",
      "integrity": "sha512-8qX4r5R6AtXla9HKCouEQ40inw69O5jR4VUXlZySsBLxIXlsJ3Yi9JV6JWPU4ZdA8jWTGDDJjJYNLwQ0W4jCag==",
      "requires": {}
    },
    "markdown-it-front-matter": {
      "version": "0.2.3",
      "resolved": "https://registry.npmjs.org/markdown-it-front-matter/-/markdown-it-front-matter-0.2.3.tgz",
      "integrity": "sha512-s9+rcClLmZsZc3YL8Awjg/YO/VdphlE20LJ9Bx5a8RAFLI5a1vq6Mll8kOzG6w/wy8yhFLBupaa6Mfd60GATkA=="
    },
    "mdurl": {
      "version": "1.0.1",
      "resolved": "https://registry.npmjs.org/mdurl/-/mdurl-1.0.1.tgz",
      "integrity": "sha1-/oWy7HWlkDfyrf7BAP1sYBdhFS4="
    },
    "media-typer": {
      "version": "0.3.0"
    },
    "mime-db": {
      "version": "1.44.0"
    },
    "mime-types": {
      "version": "2.1.27",
      "requires": {
        "mime-db": "1.44.0"
      }
    },
    "node-webtokens": {
      "version": "1.0.4"
    },
    "random-bytes": {
      "version": "1.0.0"
    },
    "rndm": {
      "version": "1.2.0"
    },
    "run-parallel": {
      "version": "1.1.10"
    },
    "run-waterfall": {
      "version": "1.1.7"
    },
    "slugify": {
      "version": "1.4.6",
      "resolved": "https://registry.npmjs.org/slugify/-/slugify-1.4.6.tgz",
      "integrity": "sha512-ZdJIgv9gdrYwhXqxsH9pv7nXxjUEyQ6nqhngRxoAAOlmMGA28FDq5O4/5US4G2/Nod7d1ovNcgURQJ7kHq50KQ=="
    },
    "sprintf-js": {
      "version": "1.0.3",
      "resolved": "https://registry.npmjs.org/sprintf-js/-/sprintf-js-1.0.3.tgz",
      "integrity": "sha1-BOaSb2YolTVPPdAVIDYzuFcpfiw="
    },
    "tsscmp": {
      "version": "1.0.6"
    },
    "type-is": {
      "version": "1.6.18",
      "requires": {
        "media-typer": "0.3.0",
        "mime-types": "~2.1.24"
      }
    },
    "uc.micro": {
      "version": "1.0.6",
      "resolved": "https://registry.npmjs.org/uc.micro/-/uc.micro-1.0.6.tgz",
      "integrity": "sha512-8Y75pvTYkLJW2hWQHXxoqRgV7qb9B+9vFEtidML+7koHUFapnVJAZ6cKs+Qjz5Aw3aZWHMC6u0wJE3At+nSGwA=="
    },
    "uid-safe": {
      "version": "2.1.5",
      "requires": {
        "random-bytes": "~1.0.0"
      }
    }
  }
}
